
Microsoft Visual Studio Solution File, Format Version 12.00
# Visual Studio Version 17
VisualStudioVersion = 17.8.34330.188
MinimumVisualStudioVersion = 10.0.40219.1
Project("{FAE04EC0-301F-11D3-BF4B-00C04F79EFBC}") = "PAM1.0", "PAM1.0\PAM1.0.csproj", "{E8F113C4-8583-4A7F-B63C-815F5F42E274}"
EndProject
Global
	GlobalSection(SolutionConfigurationPlatforms) = preSolution
		Debug|Any CPU = Debug|Any CPU
		Release|Any CPU = Release|Any CPU
	EndGlobalSection
	GlobalSection(ProjectConfigurationPlatforms) = postSolution
		{E8F113C4-8583-4A7F-B63C-815F5F42E274}.Debug|Any CPU.ActiveCfg = Debug|Any CPU
		{E8F113C4-8583-4A7F-B63C-815F5F42E274}.Debug|Any CPU.Build.0 = Debug|Any CPU
		{E8F113C4-8583-4A7F-B63C-815F5F42E274}.Debug|Any CPU.Deploy.0 = Debug|Any CPU
		{E8F113C4-8583-4A7F-B63C-815F5F42E274}.Release|Any CPU.ActiveCfg = Release|Any CPU
		{E8F113C4-8583-4A7F-B63C-815F5F42E274}.Release|Any CPU.Build.0 = Release|Any CPU
		{E8F113C4-8583-4A7F-B63C-815F5F42E274}.Release|Any CPU.Deploy.0 = Release|Any CPU
	EndGlobalSection
	GlobalSection(SolutionProperties) = preSolution
		HideSolutionNode = FALSE
	EndGlobalSection
	GlobalSection(ExtensibilityGlobals) = postSolution
		SolutionGuid = {CF09E12F-304C-4AC6-B109-8DB292A9BAFA}
	EndGlobalSection
EndGlobal
